
Microsoft Visual Studio Solution File, Format Version 12.00
# Visual Studio Version 16
VisualStudioVersion = 16.0.30907.101
MinimumVisualStudioVersion = 15.0.26124.0
Project("{9A19103F-16F7-4668-BE54-9A1E7A4F7556}") = "Exercicio1", "TrabalhandoNoConsole\Exercicio1\Exercicio1.csproj", "{7267BC34-8D91-4341-8103-6F2CA5A2BEE3}"
EndProject
Project("{2150E333-8FDC-42A3-9474-1A3956D46DE8}") = "TrabalhandoNoConsole", "TrabalhandoNoConsole", "{25DAFF90-FEE2-413C-842E-22A0A209E362}"
EndProject
Project("{9A19103F-16F7-4668-BE54-9A1E7A4F7556}") = "Exercicio2", "TrabalhandoNoConsole\Exercicio2\Exercicio2.csproj", "{EA04A6A4-7B41-447C-A81F-33BB4EB7C4FE}"
EndProject
Project("{9A19103F-16F7-4668-BE54-9A1E7A4F7556}") = "Exercicio3", "TrabalhandoNoConsole\Exercicio3\Exercicio3.csproj", "{23C667B8-C21F-4563-9A2F-DFF85558E34E}"
EndProject
Project("{9A19103F-16F7-4668-BE54-9A1E7A4F7556}") = "Exercicio4", "TrabalhandoNoConsole\Exercicio4\Exercicio4.csproj", "{39B96C65-3924-4465-8486-2071EABDB584}"
EndProject
Project("{9A19103F-16F7-4668-BE54-9A1E7A4F7556}") = "Exercicio5", "TrabalhandoNoConsole\Exercicio5\Exercicio5.csproj", "{12C15FA5-BDD8-446D-AEAB-CD5158172A9C}"
EndProject
Project("{9A19103F-16F7-4668-BE54-9A1E7A4F7556}") = "Exercicio6", "TrabalhandoNoConsole\Exercicio6\Exercicio6.csproj", "{9AE558F5-E518-44E1-AB8E-1A6422131D53}"
EndProject
Project("{9A19103F-16F7-4668-BE54-9A1E7A4F7556}") = "Exercicio7", "TrabalhandoNoConsole\Exercicio7\Exercicio7.csproj", "{22258AEE-81BE-4105-80A3-A3EB7459C16E}"
EndProject
Project("{9A19103F-16F7-4668-BE54-9A1E7A4F7556}") = "Exercicio8", "TrabalhandoNoConsole\Exercicio8\Exercicio8.csproj", "{F669493A-3A1D-48F8-8B7F-0C3DE9E73896}"
EndProject
Project("{9A19103F-16F7-4668-BE54-9A1E7A4F7556}") = "Exercicio9", "TrabalhandoNoConsole\Exercicio9\Exercicio9.csproj", "{84A54C8B-3726-41E0-AA53-A2F0593DAB20}"
EndProject
Project("{2150E333-8FDC-42A3-9474-1A3956D46DE8}") = "UtilizandoPOO", "UtilizandoPOO", "{CDCBB3C4-3DB7-4E51-BFF0-55DE158BE5E2}"
EndProject
Project("{9A19103F-16F7-4668-BE54-9A1E7A4F7556}") = "Exercicio1", "UtilizandoPOO\Exercicio1\Exercicio1.csproj", "{0BB6FAF7-6242-422A-88CF-2E8F9C7B79D1}"
EndProject
Project("{9A19103F-16F7-4668-BE54-9A1E7A4F7556}") = "Exercicio2", "UtilizandoPOO\Exercicio2\Exercicio2.csproj", "{1DDBD35E-93B6-442E-9EA7-EA512FD9B67A}"
EndProject
Project("{9A19103F-16F7-4668-BE54-9A1E7A4F7556}") = "Exercicio3", "UtilizandoPOO\Exercicio3\Exercicio3.csproj", "{DE1DC284-D24E-485F-B507-AFA740ADDC1E}"
EndProject
Project("{9A19103F-16F7-4668-BE54-9A1E7A4F7556}") = "Exercicio4", "UtilizandoPOO\Exercicio4\Exercicio4.csproj", "{21B71873-1FE8-4C81-932B-18D46D9D14AB}"
EndProject
Project("{2150E333-8FDC-42A3-9474-1A3956D46DE8}") = "TrabalhandoComTestes", "TrabalhandoComTestes", "{36E5AC55-0F7E-4507-9AC5-CC0EE2BD973E}"
EndProject
Project("{9A19103F-16F7-4668-BE54-9A1E7A4F7556}") = "Exercicio1.NUnit.tests", "TrabalhandoComTestes\Exercicio2\NUnit\Exercicio1.tests\Exercicio1.NUnit.tests.csproj", "{A1EC76A0-6069-4E7D-B7D7-09272E6B3024}"
EndProject
Project("{2150E333-8FDC-42A3-9474-1A3956D46DE8}") = "NUnit", "NUnit", "{679ECFDF-8E9E-4F36-BDF8-98782B1B7B96}"
EndProject
Project("{2150E333-8FDC-42A3-9474-1A3956D46DE8}") = "xUnit", "xUnit", "{51997DE1-AF88-4A8C-8EBC-F15588C834B6}"
EndProject
Project("{9A19103F-16F7-4668-BE54-9A1E7A4F7556}") = "Exercicio5.NUnit.tests", "TrabalhandoComTestes\Exercicio2\NUnit\Exercicio5.tests\Exercicio5.NUnit.tests.csproj", "{6954DEF4-298D-4882-97EC-6C1C4EEA39BD}"
EndProject
Project("{9A19103F-16F7-4668-BE54-9A1E7A4F7556}") = "Exercicio1.xUnit.tests", "TrabalhandoComTestes\Exercicio2\xUnit\Exercicio1.tests\Exercicio1.xUnit.tests.csproj", "{F9355CAC-59C9-410D-AA48-483C9C69B7BD}"
EndProject
Project("{9A19103F-16F7-4668-BE54-9A1E7A4F7556}") = "Exercicio5.xUnit.tests", "TrabalhandoComTestes\Exercicio2\xUnit\Exercicio5.tests\Exercicio5.xUnit.tests.csproj", "{14FCC92B-67AA-48C1-BBAE-B734527C248D}"
EndProject
Project("{2150E333-8FDC-42A3-9474-1A3956D46DE8}") = "Comum", "Comum", "{99136253-79C9-4666-9C2D-A35B41397C57}"
EndProject
Project("{FAE04EC0-301F-11D3-BF4B-00C04F79EFBC}") = "MDCComum", "Comum\MDCComum\MDCComum.csproj", "{99920A56-F62B-44B5-9BA5-DFC6FDE82BB0}"
EndProject
Global
	GlobalSection(SolutionConfigurationPlatforms) = preSolution
		Debug|Any CPU = Debug|Any CPU
		Release|Any CPU = Release|Any CPU
	EndGlobalSection
	GlobalSection(ProjectConfigurationPlatforms) = postSolution
		{7267BC34-8D91-4341-8103-6F2CA5A2BEE3}.Debug|Any CPU.ActiveCfg = Debug|Any CPU
		{7267BC34-8D91-4341-8103-6F2CA5A2BEE3}.Debug|Any CPU.Build.0 = Debug|Any CPU
		{7267BC34-8D91-4341-8103-6F2CA5A2BEE3}.Release|Any CPU.ActiveCfg = Release|Any CPU
		{7267BC34-8D91-4341-8103-6F2CA5A2BEE3}.Release|Any CPU.Build.0 = Release|Any CPU
		{EA04A6A4-7B41-447C-A81F-33BB4EB7C4FE}.Debug|Any CPU.ActiveCfg = Debug|Any CPU
		{EA04A6A4-7B41-447C-A81F-33BB4EB7C4FE}.Debug|Any CPU.Build.0 = Debug|Any CPU
		{EA04A6A4-7B41-447C-A81F-33BB4EB7C4FE}.Release|Any CPU.ActiveCfg = Release|Any CPU
		{EA04A6A4-7B41-447C-A81F-33BB4EB7C4FE}.Release|Any CPU.Build.0 = Release|Any CPU
		{23C667B8-C21F-4563-9A2F-DFF85558E34E}.Debug|Any CPU.ActiveCfg = Debug|Any CPU
		{23C667B8-C21F-4563-9A2F-DFF85558E34E}.Debug|Any CPU.Build.0 = Debug|Any CPU
		{23C667B8-C21F-4563-9A2F-DFF85558E34E}.Release|Any CPU.ActiveCfg = Release|Any CPU
		{23C667B8-C21F-4563-9A2F-DFF85558E34E}.Release|Any CPU.Build.0 = Release|Any CPU
		{39B96C65-3924-4465-8486-2071EABDB584}.Debug|Any CPU.ActiveCfg = Debug|Any CPU
		{39B96C65-3924-4465-8486-2071EABDB584}.Debug|Any CPU.Build.0 = Debug|Any CPU
		{39B96C65-3924-4465-8486-2071EABDB584}.Release|Any CPU.ActiveCfg = Release|Any CPU
		{39B96C65-3924-4465-8486-2071EABDB584}.Release|Any CPU.Build.0 = Release|Any CPU
		{12C15FA5-BDD8-446D-AEAB-CD5158172A9C}.Debug|Any CPU.ActiveCfg = Debug|Any CPU
		{12C15FA5-BDD8-446D-AEAB-CD5158172A9C}.Debug|Any CPU.Build.0 = Debug|Any CPU
		{12C15FA5-BDD8-446D-AEAB-CD5158172A9C}.Release|Any CPU.ActiveCfg = Release|Any CPU
		{12C15FA5-BDD8-446D-AEAB-CD5158172A9C}.Release|Any CPU.Build.0 = Release|Any CPU
		{9AE558F5-E518-44E1-AB8E-1A6422131D53}.Debug|Any CPU.ActiveCfg = Debug|Any CPU
		{9AE558F5-E518-44E1-AB8E-1A6422131D53}.Debug|Any CPU.Build.0 = Debug|Any CPU
		{9AE558F5-E518-44E1-AB8E-1A6422131D53}.Release|Any CPU.ActiveCfg = Release|Any CPU
		{9AE558F5-E518-44E1-AB8E-1A6422131D53}.Release|Any CPU.Build.0 = Release|Any CPU
		{22258AEE-81BE-4105-80A3-A3EB7459C16E}.Debug|Any CPU.ActiveCfg = Debug|Any CPU
		{22258AEE-81BE-4105-80A3-A3EB7459C16E}.Debug|Any CPU.Build.0 = Debug|Any CPU
		{22258AEE-81BE-4105-80A3-A3EB7459C16E}.Release|Any CPU.ActiveCfg = Release|Any CPU
		{22258AEE-81BE-4105-80A3-A3EB7459C16E}.Release|Any CPU.Build.0 = Release|Any CPU
		{F669493A-3A1D-48F8-8B7F-0C3DE9E73896}.Debug|Any CPU.ActiveCfg = Debug|Any CPU
		{F669493A-3A1D-48F8-8B7F-0C3DE9E73896}.Debug|Any CPU.Build.0 = Debug|Any CPU
		{F669493A-3A1D-48F8-8B7F-0C3DE9E73896}.Release|Any CPU.ActiveCfg = Release|Any CPU
		{F669493A-3A1D-48F8-8B7F-0C3DE9E73896}.Release|Any CPU.Build.0 = Release|Any CPU
		{84A54C8B-3726-41E0-AA53-A2F0593DAB20}.Debug|Any CPU.ActiveCfg = Debug|Any CPU
		{84A54C8B-3726-41E0-AA53-A2F0593DAB20}.Debug|Any CPU.Build.0 = Debug|Any CPU
		{84A54C8B-3726-41E0-AA53-A2F0593DAB20}.Release|Any CPU.ActiveCfg = Release|Any CPU
		{84A54C8B-3726-41E0-AA53-A2F0593DAB20}.Release|Any CPU.Build.0 = Release|Any CPU
		{0BB6FAF7-6242-422A-88CF-2E8F9C7B79D1}.Debug|Any CPU.ActiveCfg = Debug|Any CPU
		{0BB6FAF7-6242-422A-88CF-2E8F9C7B79D1}.Debug|Any CPU.Build.0 = Debug|Any CPU
		{0BB6FAF7-6242-422A-88CF-2E8F9C7B79D1}.Release|Any CPU.ActiveCfg = Release|Any CPU
		{0BB6FAF7-6242-422A-88CF-2E8F9C7B79D1}.Release|Any CPU.Build.0 = Release|Any CPU
		{1DDBD35E-93B6-442E-9EA7-EA512FD9B67A}.Debug|Any CPU.ActiveCfg = Debug|Any CPU
		{1DDBD35E-93B6-442E-9EA7-EA512FD9B67A}.Debug|Any CPU.Build.0 = Debug|Any CPU
		{1DDBD35E-93B6-442E-9EA7-EA512FD9B67A}.Release|Any CPU.ActiveCfg = Release|Any CPU
		{1DDBD35E-93B6-442E-9EA7-EA512FD9B67A}.Release|Any CPU.Build.0 = Release|Any CPU
		{DE1DC284-D24E-485F-B507-AFA740ADDC1E}.Debug|Any CPU.ActiveCfg = Debug|Any CPU
		{DE1DC284-D24E-485F-B507-AFA740ADDC1E}.Debug|Any CPU.Build.0 = Debug|Any CPU
		{DE1DC284-D24E-485F-B507-AFA740ADDC1E}.Release|Any CPU.ActiveCfg = Release|Any CPU
		{DE1DC284-D24E-485F-B507-AFA740ADDC1E}.Release|Any CPU.Build.0 = Release|Any CPU
		{21B71873-1FE8-4C81-932B-18D46D9D14AB}.Debug|Any CPU.ActiveCfg = Debug|Any CPU
		{21B71873-1FE8-4C81-932B-18D46D9D14AB}.Debug|Any CPU.Build.0 = Debug|Any CPU
		{21B71873-1FE8-4C81-932B-18D46D9D14AB}.Release|Any CPU.ActiveCfg = Release|Any CPU
		{21B71873-1FE8-4C81-932B-18D46D9D14AB}.Release|Any CPU.Build.0 = Release|Any CPU
		{A1EC76A0-6069-4E7D-B7D7-09272E6B3024}.Debug|Any CPU.ActiveCfg = Debug|Any CPU
		{A1EC76A0-6069-4E7D-B7D7-09272E6B3024}.Debug|Any CPU.Build.0 = Debug|Any CPU
		{A1EC76A0-6069-4E7D-B7D7-09272E6B3024}.Release|Any CPU.ActiveCfg = Release|Any CPU
		{A1EC76A0-6069-4E7D-B7D7-09272E6B3024}.Release|Any CPU.Build.0 = Release|Any CPU
		{6954DEF4-298D-4882-97EC-6C1C4EEA39BD}.Debug|Any CPU.ActiveCfg = Debug|Any CPU
		{6954DEF4-298D-4882-97EC-6C1C4EEA39BD}.Debug|Any CPU.Build.0 = Debug|Any CPU
		{6954DEF4-298D-4882-97EC-6C1C4EEA39BD}.Release|Any CPU.ActiveCfg = Release|Any CPU
		{6954DEF4-298D-4882-97EC-6C1C4EEA39BD}.Release|Any CPU.Build.0 = Release|Any CPU
		{F9355CAC-59C9-410D-AA48-483C9C69B7BD}.Debug|Any CPU.ActiveCfg = Debug|Any CPU
		{F9355CAC-59C9-410D-AA48-483C9C69B7BD}.Debug|Any CPU.Build.0 = Debug|Any CPU
		{F9355CAC-59C9-410D-AA48-483C9C69B7BD}.Release|Any CPU.ActiveCfg = Release|Any CPU
		{F9355CAC-59C9-410D-AA48-483C9C69B7BD}.Release|Any CPU.Build.0 = Release|Any CPU
		{14FCC92B-67AA-48C1-BBAE-B734527C248D}.Debug|Any CPU.ActiveCfg = Debug|Any CPU
		{14FCC92B-67AA-48C1-BBAE-B734527C248D}.Debug|Any CPU.Build.0 = Debug|Any CPU
		{14FCC92B-67AA-48C1-BBAE-B734527C248D}.Release|Any CPU.ActiveCfg = Release|Any CPU
		{14FCC92B-67AA-48C1-BBAE-B734527C248D}.Release|Any CPU.Build.0 = Release|Any CPU
		{99920A56-F62B-44B5-9BA5-DFC6FDE82BB0}.Debug|Any CPU.ActiveCfg = Debug|Any CPU
		{99920A56-F62B-44B5-9BA5-DFC6FDE82BB0}.Debug|Any CPU.Build.0 = Debug|Any CPU
		{99920A56-F62B-44B5-9BA5-DFC6FDE82BB0}.Release|Any CPU.ActiveCfg = Release|Any CPU
		{99920A56-F62B-44B5-9BA5-DFC6FDE82BB0}.Release|Any CPU.Build.0 = Release|Any CPU
	EndGlobalSection
	GlobalSection(SolutionProperties) = preSolution
		HideSolutionNode = FALSE
	EndGlobalSection
	GlobalSection(NestedProjects) = preSolution
		{7267BC34-8D91-4341-8103-6F2CA5A2BEE3} = {25DAFF90-FEE2-413C-842E-22A0A209E362}
		{EA04A6A4-7B41-447C-A81F-33BB4EB7C4FE} = {25DAFF90-FEE2-413C-842E-22A0A209E362}
		{23C667B8-C21F-4563-9A2F-DFF85558E34E} = {25DAFF90-FEE2-413C-842E-22A0A209E362}
		{39B96C65-3924-4465-8486-2071EABDB584} = {25DAFF90-FEE2-413C-842E-22A0A209E362}
		{12C15FA5-BDD8-446D-AEAB-CD5158172A9C} = {25DAFF90-FEE2-413C-842E-22A0A209E362}
		{9AE558F5-E518-44E1-AB8E-1A6422131D53} = {25DAFF90-FEE2-413C-842E-22A0A209E362}
		{22258AEE-81BE-4105-80A3-A3EB7459C16E} = {25DAFF90-FEE2-413C-842E-22A0A209E362}
		{F669493A-3A1D-48F8-8B7F-0C3DE9E73896} = {25DAFF90-FEE2-413C-842E-22A0A209E362}
		{84A54C8B-3726-41E0-AA53-A2F0593DAB20} = {25DAFF90-FEE2-413C-842E-22A0A209E362}
		{0BB6FAF7-6242-422A-88CF-2E8F9C7B79D1} = {CDCBB3C4-3DB7-4E51-BFF0-55DE158BE5E2}
		{1DDBD35E-93B6-442E-9EA7-EA512FD9B67A} = {CDCBB3C4-3DB7-4E51-BFF0-55DE158BE5E2}
		{DE1DC284-D24E-485F-B507-AFA740ADDC1E} = {CDCBB3C4-3DB7-4E51-BFF0-55DE158BE5E2}
		{21B71873-1FE8-4C81-932B-18D46D9D14AB} = {CDCBB3C4-3DB7-4E51-BFF0-55DE158BE5E2}
		{A1EC76A0-6069-4E7D-B7D7-09272E6B3024} = {679ECFDF-8E9E-4F36-BDF8-98782B1B7B96}
		{679ECFDF-8E9E-4F36-BDF8-98782B1B7B96} = {36E5AC55-0F7E-4507-9AC5-CC0EE2BD973E}
		{51997DE1-AF88-4A8C-8EBC-F15588C834B6} = {36E5AC55-0F7E-4507-9AC5-CC0EE2BD973E}
		{6954DEF4-298D-4882-97EC-6C1C4EEA39BD} = {679ECFDF-8E9E-4F36-BDF8-98782B1B7B96}
		{F9355CAC-59C9-410D-AA48-483C9C69B7BD} = {51997DE1-AF88-4A8C-8EBC-F15588C834B6}
		{14FCC92B-67AA-48C1-BBAE-B734527C248D} = {51997DE1-AF88-4A8C-8EBC-F15588C834B6}
		{99920A56-F62B-44B5-9BA5-DFC6FDE82BB0} = {99136253-79C9-4666-9C2D-A35B41397C57}
	EndGlobalSection
	GlobalSection(ExtensibilityGlobals) = postSolution
		SolutionGuid = {7DCC1502-CAAF-41E0-BA96-A9BF3ECA043E}
	EndGlobalSection
EndGlobal
