
Microsoft Visual Studio Solution File, Format Version 12.00
# Visual Studio 15
VisualStudioVersion = 15.0.26124.0
MinimumVisualStudioVersion = 15.0.26124.0
Project("{FAE04EC0-301F-11D3-BF4B-00C04F79EFBC}") = "Exercicio 1", "Exercicio 1\Exercicio 1.csproj", "{1B40AC3C-E83A-4E28-A49F-FB3BAEEC2844}"
EndProject
Project("{FAE04EC0-301F-11D3-BF4B-00C04F79EFBC}") = "Exercicio 2", "Exercicio 2\Exercicio 2.csproj", "{F648F151-B3C5-4F4B-A213-2F8C54163EA7}"
EndProject
Project("{FAE04EC0-301F-11D3-BF4B-00C04F79EFBC}") = "Exercicio 3", "Exercicio 3\Exercicio 3.csproj", "{CD78426E-5510-4550-A87E-4CA60A425F4A}"
EndProject
Project("{FAE04EC0-301F-11D3-BF4B-00C04F79EFBC}") = "Exercicio 4", "Exercicio 4\Exercicio 4.csproj", "{EBF0A564-C802-4E30-921A-5A761EB1FE72}"
EndProject
Project("{FAE04EC0-301F-11D3-BF4B-00C04F79EFBC}") = "Exercicio 5", "Exercicio 5\Exercicio 5.csproj", "{D5853254-E169-44BE-8FF8-F57B55C15BAF}"
EndProject
Project("{FAE04EC0-301F-11D3-BF4B-00C04F79EFBC}") = "Exercicio 6", "Exercicio 6\Exercicio 6.csproj", "{2A0E5C41-9553-470A-BAA8-DB7029F0ACD8}"
EndProject
Project("{FAE04EC0-301F-11D3-BF4B-00C04F79EFBC}") = "Exercicio 7", "Exercicio 7\Exercicio 7.csproj", "{565FC72E-3B79-4846-9476-C77C61CE9DC0}"
EndProject
Project("{FAE04EC0-301F-11D3-BF4B-00C04F79EFBC}") = "Exercicio 8", "Exercicio 8\Exercicio 8.csproj", "{EC5B8D14-BDE0-4A2A-AFF5-49B530AE0205}"
EndProject
Project("{FAE04EC0-301F-11D3-BF4B-00C04F79EFBC}") = "Exercicio 9", "Exercicio 9\Exercicio 9.csproj", "{A0638F15-7546-4D74-85FD-4AC2DF153B2B}"
EndProject
Global
	GlobalSection(SolutionConfigurationPlatforms) = preSolution
		Debug|Any CPU = Debug|Any CPU
		Debug|x64 = Debug|x64
		Debug|x86 = Debug|x86
		Release|Any CPU = Release|Any CPU
		Release|x64 = Release|x64
		Release|x86 = Release|x86
	EndGlobalSection
	GlobalSection(SolutionProperties) = preSolution
		HideSolutionNode = FALSE
	EndGlobalSection
	GlobalSection(ProjectConfigurationPlatforms) = postSolution
		{1B40AC3C-E83A-4E28-A49F-FB3BAEEC2844}.Debug|Any CPU.ActiveCfg = Debug|Any CPU
		{1B40AC3C-E83A-4E28-A49F-FB3BAEEC2844}.Debug|Any CPU.Build.0 = Debug|Any CPU
		{1B40AC3C-E83A-4E28-A49F-FB3BAEEC2844}.Debug|x64.ActiveCfg = Debug|Any CPU
		{1B40AC3C-E83A-4E28-A49F-FB3BAEEC2844}.Debug|x64.Build.0 = Debug|Any CPU
		{1B40AC3C-E83A-4E28-A49F-FB3BAEEC2844}.Debug|x86.ActiveCfg = Debug|Any CPU
		{1B40AC3C-E83A-4E28-A49F-FB3BAEEC2844}.Debug|x86.Build.0 = Debug|Any CPU
		{1B40AC3C-E83A-4E28-A49F-FB3BAEEC2844}.Release|Any CPU.ActiveCfg = Release|Any CPU
		{1B40AC3C-E83A-4E28-A49F-FB3BAEEC2844}.Release|Any CPU.Build.0 = Release|Any CPU
		{1B40AC3C-E83A-4E28-A49F-FB3BAEEC2844}.Release|x64.ActiveCfg = Release|Any CPU
		{1B40AC3C-E83A-4E28-A49F-FB3BAEEC2844}.Release|x64.Build.0 = Release|Any CPU
		{1B40AC3C-E83A-4E28-A49F-FB3BAEEC2844}.Release|x86.ActiveCfg = Release|Any CPU
		{1B40AC3C-E83A-4E28-A49F-FB3BAEEC2844}.Release|x86.Build.0 = Release|Any CPU
		{F648F151-B3C5-4F4B-A213-2F8C54163EA7}.Debug|Any CPU.ActiveCfg = Debug|Any CPU
		{F648F151-B3C5-4F4B-A213-2F8C54163EA7}.Debug|Any CPU.Build.0 = Debug|Any CPU
		{F648F151-B3C5-4F4B-A213-2F8C54163EA7}.Debug|x64.ActiveCfg = Debug|Any CPU
		{F648F151-B3C5-4F4B-A213-2F8C54163EA7}.Debug|x64.Build.0 = Debug|Any CPU
		{F648F151-B3C5-4F4B-A213-2F8C54163EA7}.Debug|x86.ActiveCfg = Debug|Any CPU
		{F648F151-B3C5-4F4B-A213-2F8C54163EA7}.Debug|x86.Build.0 = Debug|Any CPU
		{F648F151-B3C5-4F4B-A213-2F8C54163EA7}.Release|Any CPU.ActiveCfg = Release|Any CPU
		{F648F151-B3C5-4F4B-A213-2F8C54163EA7}.Release|Any CPU.Build.0 = Release|Any CPU
		{F648F151-B3C5-4F4B-A213-2F8C54163EA7}.Release|x64.ActiveCfg = Release|Any CPU
		{F648F151-B3C5-4F4B-A213-2F8C54163EA7}.Release|x64.Build.0 = Release|Any CPU
		{F648F151-B3C5-4F4B-A213-2F8C54163EA7}.Release|x86.ActiveCfg = Release|Any CPU
		{F648F151-B3C5-4F4B-A213-2F8C54163EA7}.Release|x86.Build.0 = Release|Any CPU
		{CD78426E-5510-4550-A87E-4CA60A425F4A}.Debug|Any CPU.ActiveCfg = Debug|Any CPU
		{CD78426E-5510-4550-A87E-4CA60A425F4A}.Debug|Any CPU.Build.0 = Debug|Any CPU
		{CD78426E-5510-4550-A87E-4CA60A425F4A}.Debug|x64.ActiveCfg = Debug|Any CPU
		{CD78426E-5510-4550-A87E-4CA60A425F4A}.Debug|x64.Build.0 = Debug|Any CPU
		{CD78426E-5510-4550-A87E-4CA60A425F4A}.Debug|x86.ActiveCfg = Debug|Any CPU
		{CD78426E-5510-4550-A87E-4CA60A425F4A}.Debug|x86.Build.0 = Debug|Any CPU
		{CD78426E-5510-4550-A87E-4CA60A425F4A}.Release|Any CPU.ActiveCfg = Release|Any CPU
		{CD78426E-5510-4550-A87E-4CA60A425F4A}.Release|Any CPU.Build.0 = Release|Any CPU
		{CD78426E-5510-4550-A87E-4CA60A425F4A}.Release|x64.ActiveCfg = Release|Any CPU
		{CD78426E-5510-4550-A87E-4CA60A425F4A}.Release|x64.Build.0 = Release|Any CPU
		{CD78426E-5510-4550-A87E-4CA60A425F4A}.Release|x86.ActiveCfg = Release|Any CPU
		{CD78426E-5510-4550-A87E-4CA60A425F4A}.Release|x86.Build.0 = Release|Any CPU
		{EBF0A564-C802-4E30-921A-5A761EB1FE72}.Debug|Any CPU.ActiveCfg = Debug|Any CPU
		{EBF0A564-C802-4E30-921A-5A761EB1FE72}.Debug|Any CPU.Build.0 = Debug|Any CPU
		{EBF0A564-C802-4E30-921A-5A761EB1FE72}.Debug|x64.ActiveCfg = Debug|Any CPU
		{EBF0A564-C802-4E30-921A-5A761EB1FE72}.Debug|x64.Build.0 = Debug|Any CPU
		{EBF0A564-C802-4E30-921A-5A761EB1FE72}.Debug|x86.ActiveCfg = Debug|Any CPU
		{EBF0A564-C802-4E30-921A-5A761EB1FE72}.Debug|x86.Build.0 = Debug|Any CPU
		{EBF0A564-C802-4E30-921A-5A761EB1FE72}.Release|Any CPU.ActiveCfg = Release|Any CPU
		{EBF0A564-C802-4E30-921A-5A761EB1FE72}.Release|Any CPU.Build.0 = Release|Any CPU
		{EBF0A564-C802-4E30-921A-5A761EB1FE72}.Release|x64.ActiveCfg = Release|Any CPU
		{EBF0A564-C802-4E30-921A-5A761EB1FE72}.Release|x64.Build.0 = Release|Any CPU
		{EBF0A564-C802-4E30-921A-5A761EB1FE72}.Release|x86.ActiveCfg = Release|Any CPU
		{EBF0A564-C802-4E30-921A-5A761EB1FE72}.Release|x86.Build.0 = Release|Any CPU
		{D5853254-E169-44BE-8FF8-F57B55C15BAF}.Debug|Any CPU.ActiveCfg = Debug|Any CPU
		{D5853254-E169-44BE-8FF8-F57B55C15BAF}.Debug|Any CPU.Build.0 = Debug|Any CPU
		{D5853254-E169-44BE-8FF8-F57B55C15BAF}.Debug|x64.ActiveCfg = Debug|Any CPU
		{D5853254-E169-44BE-8FF8-F57B55C15BAF}.Debug|x64.Build.0 = Debug|Any CPU
		{D5853254-E169-44BE-8FF8-F57B55C15BAF}.Debug|x86.ActiveCfg = Debug|Any CPU
		{D5853254-E169-44BE-8FF8-F57B55C15BAF}.Debug|x86.Build.0 = Debug|Any CPU
		{D5853254-E169-44BE-8FF8-F57B55C15BAF}.Release|Any CPU.ActiveCfg = Release|Any CPU
		{D5853254-E169-44BE-8FF8-F57B55C15BAF}.Release|Any CPU.Build.0 = Release|Any CPU
		{D5853254-E169-44BE-8FF8-F57B55C15BAF}.Release|x64.ActiveCfg = Release|Any CPU
		{D5853254-E169-44BE-8FF8-F57B55C15BAF}.Release|x64.Build.0 = Release|Any CPU
		{D5853254-E169-44BE-8FF8-F57B55C15BAF}.Release|x86.ActiveCfg = Release|Any CPU
		{D5853254-E169-44BE-8FF8-F57B55C15BAF}.Release|x86.Build.0 = Release|Any CPU
		{2A0E5C41-9553-470A-BAA8-DB7029F0ACD8}.Debug|Any CPU.ActiveCfg = Debug|Any CPU
		{2A0E5C41-9553-470A-BAA8-DB7029F0ACD8}.Debug|Any CPU.Build.0 = Debug|Any CPU
		{2A0E5C41-9553-470A-BAA8-DB7029F0ACD8}.Debug|x64.ActiveCfg = Debug|Any CPU
		{2A0E5C41-9553-470A-BAA8-DB7029F0ACD8}.Debug|x64.Build.0 = Debug|Any CPU
		{2A0E5C41-9553-470A-BAA8-DB7029F0ACD8}.Debug|x86.ActiveCfg = Debug|Any CPU
		{2A0E5C41-9553-470A-BAA8-DB7029F0ACD8}.Debug|x86.Build.0 = Debug|Any CPU
		{2A0E5C41-9553-470A-BAA8-DB7029F0ACD8}.Release|Any CPU.ActiveCfg = Release|Any CPU
		{2A0E5C41-9553-470A-BAA8-DB7029F0ACD8}.Release|Any CPU.Build.0 = Release|Any CPU
		{2A0E5C41-9553-470A-BAA8-DB7029F0ACD8}.Release|x64.ActiveCfg = Release|Any CPU
		{2A0E5C41-9553-470A-BAA8-DB7029F0ACD8}.Release|x64.Build.0 = Release|Any CPU
		{2A0E5C41-9553-470A-BAA8-DB7029F0ACD8}.Release|x86.ActiveCfg = Release|Any CPU
		{2A0E5C41-9553-470A-BAA8-DB7029F0ACD8}.Release|x86.Build.0 = Release|Any CPU
		{565FC72E-3B79-4846-9476-C77C61CE9DC0}.Debug|Any CPU.ActiveCfg = Debug|Any CPU
		{565FC72E-3B79-4846-9476-C77C61CE9DC0}.Debug|Any CPU.Build.0 = Debug|Any CPU
		{565FC72E-3B79-4846-9476-C77C61CE9DC0}.Debug|x64.ActiveCfg = Debug|Any CPU
		{565FC72E-3B79-4846-9476-C77C61CE9DC0}.Debug|x64.Build.0 = Debug|Any CPU
		{565FC72E-3B79-4846-9476-C77C61CE9DC0}.Debug|x86.ActiveCfg = Debug|Any CPU
		{565FC72E-3B79-4846-9476-C77C61CE9DC0}.Debug|x86.Build.0 = Debug|Any CPU
		{565FC72E-3B79-4846-9476-C77C61CE9DC0}.Release|Any CPU.ActiveCfg = Release|Any CPU
		{565FC72E-3B79-4846-9476-C77C61CE9DC0}.Release|Any CPU.Build.0 = Release|Any CPU
		{565FC72E-3B79-4846-9476-C77C61CE9DC0}.Release|x64.ActiveCfg = Release|Any CPU
		{565FC72E-3B79-4846-9476-C77C61CE9DC0}.Release|x64.Build.0 = Release|Any CPU
		{565FC72E-3B79-4846-9476-C77C61CE9DC0}.Release|x86.ActiveCfg = Release|Any CPU
		{565FC72E-3B79-4846-9476-C77C61CE9DC0}.Release|x86.Build.0 = Release|Any CPU
		{EC5B8D14-BDE0-4A2A-AFF5-49B530AE0205}.Debug|Any CPU.ActiveCfg = Debug|Any CPU
		{EC5B8D14-BDE0-4A2A-AFF5-49B530AE0205}.Debug|Any CPU.Build.0 = Debug|Any CPU
		{EC5B8D14-BDE0-4A2A-AFF5-49B530AE0205}.Debug|x64.ActiveCfg = Debug|Any CPU
		{EC5B8D14-BDE0-4A2A-AFF5-49B530AE0205}.Debug|x64.Build.0 = Debug|Any CPU
		{EC5B8D14-BDE0-4A2A-AFF5-49B530AE0205}.Debug|x86.ActiveCfg = Debug|Any CPU
		{EC5B8D14-BDE0-4A2A-AFF5-49B530AE0205}.Debug|x86.Build.0 = Debug|Any CPU
		{EC5B8D14-BDE0-4A2A-AFF5-49B530AE0205}.Release|Any CPU.ActiveCfg = Release|Any CPU
		{EC5B8D14-BDE0-4A2A-AFF5-49B530AE0205}.Release|Any CPU.Build.0 = Release|Any CPU
		{EC5B8D14-BDE0-4A2A-AFF5-49B530AE0205}.Release|x64.ActiveCfg = Release|Any CPU
		{EC5B8D14-BDE0-4A2A-AFF5-49B530AE0205}.Release|x64.Build.0 = Release|Any CPU
		{EC5B8D14-BDE0-4A2A-AFF5-49B530AE0205}.Release|x86.ActiveCfg = Release|Any CPU
		{EC5B8D14-BDE0-4A2A-AFF5-49B530AE0205}.Release|x86.Build.0 = Release|Any CPU
		{A0638F15-7546-4D74-85FD-4AC2DF153B2B}.Debug|Any CPU.ActiveCfg = Debug|Any CPU
		{A0638F15-7546-4D74-85FD-4AC2DF153B2B}.Debug|Any CPU.Build.0 = Debug|Any CPU
		{A0638F15-7546-4D74-85FD-4AC2DF153B2B}.Debug|x64.ActiveCfg = Debug|Any CPU
		{A0638F15-7546-4D74-85FD-4AC2DF153B2B}.Debug|x64.Build.0 = Debug|Any CPU
		{A0638F15-7546-4D74-85FD-4AC2DF153B2B}.Debug|x86.ActiveCfg = Debug|Any CPU
		{A0638F15-7546-4D74-85FD-4AC2DF153B2B}.Debug|x86.Build.0 = Debug|Any CPU
		{A0638F15-7546-4D74-85FD-4AC2DF153B2B}.Release|Any CPU.ActiveCfg = Release|Any CPU
		{A0638F15-7546-4D74-85FD-4AC2DF153B2B}.Release|Any CPU.Build.0 = Release|Any CPU
		{A0638F15-7546-4D74-85FD-4AC2DF153B2B}.Release|x64.ActiveCfg = Release|Any CPU
		{A0638F15-7546-4D74-85FD-4AC2DF153B2B}.Release|x64.Build.0 = Release|Any CPU
		{A0638F15-7546-4D74-85FD-4AC2DF153B2B}.Release|x86.ActiveCfg = Release|Any CPU
		{A0638F15-7546-4D74-85FD-4AC2DF153B2B}.Release|x86.Build.0 = Release|Any CPU
	EndGlobalSection
EndGlobal
