
Microsoft Visual Studio Solution File, Format Version 12.00
# Visual Studio Version 16
VisualStudioVersion = 16.0.30804.86
MinimumVisualStudioVersion = 15.0.26124.0
Project("{2150E333-8FDC-42A3-9474-1A3956D46DE8}") = "NUnit", "NUnit", "{A95CD59D-B3B7-46CD-9BA6-43EC3BE8AC6C}"
EndProject
Project("{9A19103F-16F7-4668-BE54-9A1E7A4F7556}") = "Exercicio 1 NUnit.tests", "NUnit\Exercicio 1.tests\Exercicio 1 NUnit.tests.csproj", "{1390B6E4-7DDC-41BD-B374-1EFF161C12CB}"
EndProject
Project("{9A19103F-16F7-4668-BE54-9A1E7A4F7556}") = "Exercicio 5 NUnit.tests", "NUnit\Exercicio 5.tests\Exercicio 5 NUnit.tests.csproj", "{CA537D49-F0F5-4185-8712-4AFC91F70C26}"
EndProject
Project("{9A19103F-16F7-4668-BE54-9A1E7A4F7556}") = "Exercicio 1", "..\..\Trabalhando no console\Exercicio 1\Exercicio 1.csproj", "{6BD1A7F1-0E73-4C95-9EB7-403DE0A42E20}"
EndProject
Project("{9A19103F-16F7-4668-BE54-9A1E7A4F7556}") = "Exercicio 5", "..\..\Trabalhando no console\Exercicio 5\Exercicio 5.csproj", "{609C7C5C-F162-48F8-BDF7-6CA07980EC4C}"
EndProject
Project("{2150E333-8FDC-42A3-9474-1A3956D46DE8}") = "xUnit", "xUnit", "{0794ECAE-8EED-40E4-ACFB-CFFBBB054011}"
EndProject
Project("{9A19103F-16F7-4668-BE54-9A1E7A4F7556}") = "Exercicio 1 xUnit.tests", "xUnit\Exercicio 1.tests\Exercicio 1 xUnit.tests.csproj", "{04503A0E-7159-47FC-9BA5-459384371D25}"
EndProject
Project("{FAE04EC0-301F-11D3-BF4B-00C04F79EFBC}") = "Exercicio 5 xUnit.tests", "xUnit\Exercicio 5_.tests\Exercicio 5 xUnit.tests.csproj", "{9C7056EA-6EFD-4091-8148-C1A57E581DE5}"
EndProject
Global
	GlobalSection(SolutionConfigurationPlatforms) = preSolution
		Debug|Any CPU = Debug|Any CPU
		Debug|x64 = Debug|x64
		Debug|x86 = Debug|x86
		Release|Any CPU = Release|Any CPU
		Release|x64 = Release|x64
		Release|x86 = Release|x86
	EndGlobalSection
	GlobalSection(ProjectConfigurationPlatforms) = postSolution
		{1390B6E4-7DDC-41BD-B374-1EFF161C12CB}.Debug|Any CPU.ActiveCfg = Debug|Any CPU
		{1390B6E4-7DDC-41BD-B374-1EFF161C12CB}.Debug|Any CPU.Build.0 = Debug|Any CPU
		{1390B6E4-7DDC-41BD-B374-1EFF161C12CB}.Debug|x64.ActiveCfg = Debug|Any CPU
		{1390B6E4-7DDC-41BD-B374-1EFF161C12CB}.Debug|x64.Build.0 = Debug|Any CPU
		{1390B6E4-7DDC-41BD-B374-1EFF161C12CB}.Debug|x86.ActiveCfg = Debug|Any CPU
		{1390B6E4-7DDC-41BD-B374-1EFF161C12CB}.Debug|x86.Build.0 = Debug|Any CPU
		{1390B6E4-7DDC-41BD-B374-1EFF161C12CB}.Release|Any CPU.ActiveCfg = Release|Any CPU
		{1390B6E4-7DDC-41BD-B374-1EFF161C12CB}.Release|Any CPU.Build.0 = Release|Any CPU
		{1390B6E4-7DDC-41BD-B374-1EFF161C12CB}.Release|x64.ActiveCfg = Release|Any CPU
		{1390B6E4-7DDC-41BD-B374-1EFF161C12CB}.Release|x64.Build.0 = Release|Any CPU
		{1390B6E4-7DDC-41BD-B374-1EFF161C12CB}.Release|x86.ActiveCfg = Release|Any CPU
		{1390B6E4-7DDC-41BD-B374-1EFF161C12CB}.Release|x86.Build.0 = Release|Any CPU
		{CA537D49-F0F5-4185-8712-4AFC91F70C26}.Debug|Any CPU.ActiveCfg = Debug|Any CPU
		{CA537D49-F0F5-4185-8712-4AFC91F70C26}.Debug|Any CPU.Build.0 = Debug|Any CPU
		{CA537D49-F0F5-4185-8712-4AFC91F70C26}.Debug|x64.ActiveCfg = Debug|Any CPU
		{CA537D49-F0F5-4185-8712-4AFC91F70C26}.Debug|x64.Build.0 = Debug|Any CPU
		{CA537D49-F0F5-4185-8712-4AFC91F70C26}.Debug|x86.ActiveCfg = Debug|Any CPU
		{CA537D49-F0F5-4185-8712-4AFC91F70C26}.Debug|x86.Build.0 = Debug|Any CPU
		{CA537D49-F0F5-4185-8712-4AFC91F70C26}.Release|Any CPU.ActiveCfg = Release|Any CPU
		{CA537D49-F0F5-4185-8712-4AFC91F70C26}.Release|Any CPU.Build.0 = Release|Any CPU
		{CA537D49-F0F5-4185-8712-4AFC91F70C26}.Release|x64.ActiveCfg = Release|Any CPU
		{CA537D49-F0F5-4185-8712-4AFC91F70C26}.Release|x64.Build.0 = Release|Any CPU
		{CA537D49-F0F5-4185-8712-4AFC91F70C26}.Release|x86.ActiveCfg = Release|Any CPU
		{CA537D49-F0F5-4185-8712-4AFC91F70C26}.Release|x86.Build.0 = Release|Any CPU
		{6BD1A7F1-0E73-4C95-9EB7-403DE0A42E20}.Debug|Any CPU.ActiveCfg = Debug|Any CPU
		{6BD1A7F1-0E73-4C95-9EB7-403DE0A42E20}.Debug|Any CPU.Build.0 = Debug|Any CPU
		{6BD1A7F1-0E73-4C95-9EB7-403DE0A42E20}.Debug|x64.ActiveCfg = Debug|Any CPU
		{6BD1A7F1-0E73-4C95-9EB7-403DE0A42E20}.Debug|x64.Build.0 = Debug|Any CPU
		{6BD1A7F1-0E73-4C95-9EB7-403DE0A42E20}.Debug|x86.ActiveCfg = Debug|Any CPU
		{6BD1A7F1-0E73-4C95-9EB7-403DE0A42E20}.Debug|x86.Build.0 = Debug|Any CPU
		{6BD1A7F1-0E73-4C95-9EB7-403DE0A42E20}.Release|Any CPU.ActiveCfg = Release|Any CPU
		{6BD1A7F1-0E73-4C95-9EB7-403DE0A42E20}.Release|Any CPU.Build.0 = Release|Any CPU
		{6BD1A7F1-0E73-4C95-9EB7-403DE0A42E20}.Release|x64.ActiveCfg = Release|Any CPU
		{6BD1A7F1-0E73-4C95-9EB7-403DE0A42E20}.Release|x64.Build.0 = Release|Any CPU
		{6BD1A7F1-0E73-4C95-9EB7-403DE0A42E20}.Release|x86.ActiveCfg = Release|Any CPU
		{6BD1A7F1-0E73-4C95-9EB7-403DE0A42E20}.Release|x86.Build.0 = Release|Any CPU
		{609C7C5C-F162-48F8-BDF7-6CA07980EC4C}.Debug|Any CPU.ActiveCfg = Debug|Any CPU
		{609C7C5C-F162-48F8-BDF7-6CA07980EC4C}.Debug|Any CPU.Build.0 = Debug|Any CPU
		{609C7C5C-F162-48F8-BDF7-6CA07980EC4C}.Debug|x64.ActiveCfg = Debug|Any CPU
		{609C7C5C-F162-48F8-BDF7-6CA07980EC4C}.Debug|x64.Build.0 = Debug|Any CPU
		{609C7C5C-F162-48F8-BDF7-6CA07980EC4C}.Debug|x86.ActiveCfg = Debug|Any CPU
		{609C7C5C-F162-48F8-BDF7-6CA07980EC4C}.Debug|x86.Build.0 = Debug|Any CPU
		{609C7C5C-F162-48F8-BDF7-6CA07980EC4C}.Release|Any CPU.ActiveCfg = Release|Any CPU
		{609C7C5C-F162-48F8-BDF7-6CA07980EC4C}.Release|Any CPU.Build.0 = Release|Any CPU
		{609C7C5C-F162-48F8-BDF7-6CA07980EC4C}.Release|x64.ActiveCfg = Release|Any CPU
		{609C7C5C-F162-48F8-BDF7-6CA07980EC4C}.Release|x64.Build.0 = Release|Any CPU
		{609C7C5C-F162-48F8-BDF7-6CA07980EC4C}.Release|x86.ActiveCfg = Release|Any CPU
		{609C7C5C-F162-48F8-BDF7-6CA07980EC4C}.Release|x86.Build.0 = Release|Any CPU
		{04503A0E-7159-47FC-9BA5-459384371D25}.Debug|Any CPU.ActiveCfg = Debug|Any CPU
		{04503A0E-7159-47FC-9BA5-459384371D25}.Debug|Any CPU.Build.0 = Debug|Any CPU
		{04503A0E-7159-47FC-9BA5-459384371D25}.Debug|x64.ActiveCfg = Debug|Any CPU
		{04503A0E-7159-47FC-9BA5-459384371D25}.Debug|x64.Build.0 = Debug|Any CPU
		{04503A0E-7159-47FC-9BA5-459384371D25}.Debug|x86.ActiveCfg = Debug|Any CPU
		{04503A0E-7159-47FC-9BA5-459384371D25}.Debug|x86.Build.0 = Debug|Any CPU
		{04503A0E-7159-47FC-9BA5-459384371D25}.Release|Any CPU.ActiveCfg = Release|Any CPU
		{04503A0E-7159-47FC-9BA5-459384371D25}.Release|Any CPU.Build.0 = Release|Any CPU
		{04503A0E-7159-47FC-9BA5-459384371D25}.Release|x64.ActiveCfg = Release|Any CPU
		{04503A0E-7159-47FC-9BA5-459384371D25}.Release|x64.Build.0 = Release|Any CPU
		{04503A0E-7159-47FC-9BA5-459384371D25}.Release|x86.ActiveCfg = Release|Any CPU
		{04503A0E-7159-47FC-9BA5-459384371D25}.Release|x86.Build.0 = Release|Any CPU
		{9C7056EA-6EFD-4091-8148-C1A57E581DE5}.Debug|Any CPU.ActiveCfg = Debug|Any CPU
		{9C7056EA-6EFD-4091-8148-C1A57E581DE5}.Debug|Any CPU.Build.0 = Debug|Any CPU
		{9C7056EA-6EFD-4091-8148-C1A57E581DE5}.Debug|x64.ActiveCfg = Debug|Any CPU
		{9C7056EA-6EFD-4091-8148-C1A57E581DE5}.Debug|x64.Build.0 = Debug|Any CPU
		{9C7056EA-6EFD-4091-8148-C1A57E581DE5}.Debug|x86.ActiveCfg = Debug|Any CPU
		{9C7056EA-6EFD-4091-8148-C1A57E581DE5}.Debug|x86.Build.0 = Debug|Any CPU
		{9C7056EA-6EFD-4091-8148-C1A57E581DE5}.Release|Any CPU.ActiveCfg = Release|Any CPU
		{9C7056EA-6EFD-4091-8148-C1A57E581DE5}.Release|Any CPU.Build.0 = Release|Any CPU
		{9C7056EA-6EFD-4091-8148-C1A57E581DE5}.Release|x64.ActiveCfg = Release|Any CPU
		{9C7056EA-6EFD-4091-8148-C1A57E581DE5}.Release|x64.Build.0 = Release|Any CPU
		{9C7056EA-6EFD-4091-8148-C1A57E581DE5}.Release|x86.ActiveCfg = Release|Any CPU
		{9C7056EA-6EFD-4091-8148-C1A57E581DE5}.Release|x86.Build.0 = Release|Any CPU
	EndGlobalSection
	GlobalSection(SolutionProperties) = preSolution
		HideSolutionNode = FALSE
	EndGlobalSection
	GlobalSection(NestedProjects) = preSolution
		{1390B6E4-7DDC-41BD-B374-1EFF161C12CB} = {A95CD59D-B3B7-46CD-9BA6-43EC3BE8AC6C}
		{CA537D49-F0F5-4185-8712-4AFC91F70C26} = {A95CD59D-B3B7-46CD-9BA6-43EC3BE8AC6C}
		{04503A0E-7159-47FC-9BA5-459384371D25} = {0794ECAE-8EED-40E4-ACFB-CFFBBB054011}
		{9C7056EA-6EFD-4091-8148-C1A57E581DE5} = {0794ECAE-8EED-40E4-ACFB-CFFBBB054011}
	EndGlobalSection
	GlobalSection(ExtensibilityGlobals) = postSolution
		SolutionGuid = {D1E03714-87E2-46AA-8028-7FB6EC2B9C10}
	EndGlobalSection
EndGlobal
