
Microsoft Visual Studio Solution File, Format Version 12.00
# Visual Studio 15
VisualStudioVersion = 15.0.26124.0
MinimumVisualStudioVersion = 15.0.26124.0
Project("{FAE04EC0-301F-11D3-BF4B-00C04F79EFBC}") = "Exercicio 1", "Exercicio 1\Exercicio 1.csproj", "{D680506F-D093-42A5-A76B-5E126BFEDA40}"
EndProject
Project("{FAE04EC0-301F-11D3-BF4B-00C04F79EFBC}") = "Exercicio 2", "Exercicio 2\Exercicio 2.csproj", "{AD1311F2-D5CA-48E9-BDFF-CF5E35D0946D}"
EndProject
Project("{FAE04EC0-301F-11D3-BF4B-00C04F79EFBC}") = "Exercicio 3", "Exercicio 3\Exercicio 3.csproj", "{C00C33F8-ED58-4019-9512-0D309F04F269}"
EndProject
Project("{FAE04EC0-301F-11D3-BF4B-00C04F79EFBC}") = "Exercicio 4", "Exercicio 4\Exercicio 4.csproj", "{8947E753-FE08-4E02-8B52-B9A4DD53200C}"
EndProject
Global
	GlobalSection(SolutionConfigurationPlatforms) = preSolution
		Debug|Any CPU = Debug|Any CPU
		Debug|x64 = Debug|x64
		Debug|x86 = Debug|x86
		Release|Any CPU = Release|Any CPU
		Release|x64 = Release|x64
		Release|x86 = Release|x86
	EndGlobalSection
	GlobalSection(SolutionProperties) = preSolution
		HideSolutionNode = FALSE
	EndGlobalSection
	GlobalSection(ProjectConfigurationPlatforms) = postSolution
		{D680506F-D093-42A5-A76B-5E126BFEDA40}.Debug|Any CPU.ActiveCfg = Debug|Any CPU
		{D680506F-D093-42A5-A76B-5E126BFEDA40}.Debug|Any CPU.Build.0 = Debug|Any CPU
		{D680506F-D093-42A5-A76B-5E126BFEDA40}.Debug|x64.ActiveCfg = Debug|Any CPU
		{D680506F-D093-42A5-A76B-5E126BFEDA40}.Debug|x64.Build.0 = Debug|Any CPU
		{D680506F-D093-42A5-A76B-5E126BFEDA40}.Debug|x86.ActiveCfg = Debug|Any CPU
		{D680506F-D093-42A5-A76B-5E126BFEDA40}.Debug|x86.Build.0 = Debug|Any CPU
		{D680506F-D093-42A5-A76B-5E126BFEDA40}.Release|Any CPU.ActiveCfg = Release|Any CPU
		{D680506F-D093-42A5-A76B-5E126BFEDA40}.Release|Any CPU.Build.0 = Release|Any CPU
		{D680506F-D093-42A5-A76B-5E126BFEDA40}.Release|x64.ActiveCfg = Release|Any CPU
		{D680506F-D093-42A5-A76B-5E126BFEDA40}.Release|x64.Build.0 = Release|Any CPU
		{D680506F-D093-42A5-A76B-5E126BFEDA40}.Release|x86.ActiveCfg = Release|Any CPU
		{D680506F-D093-42A5-A76B-5E126BFEDA40}.Release|x86.Build.0 = Release|Any CPU
		{AD1311F2-D5CA-48E9-BDFF-CF5E35D0946D}.Debug|Any CPU.ActiveCfg = Debug|Any CPU
		{AD1311F2-D5CA-48E9-BDFF-CF5E35D0946D}.Debug|Any CPU.Build.0 = Debug|Any CPU
		{AD1311F2-D5CA-48E9-BDFF-CF5E35D0946D}.Debug|x64.ActiveCfg = Debug|Any CPU
		{AD1311F2-D5CA-48E9-BDFF-CF5E35D0946D}.Debug|x64.Build.0 = Debug|Any CPU
		{AD1311F2-D5CA-48E9-BDFF-CF5E35D0946D}.Debug|x86.ActiveCfg = Debug|Any CPU
		{AD1311F2-D5CA-48E9-BDFF-CF5E35D0946D}.Debug|x86.Build.0 = Debug|Any CPU
		{AD1311F2-D5CA-48E9-BDFF-CF5E35D0946D}.Release|Any CPU.ActiveCfg = Release|Any CPU
		{AD1311F2-D5CA-48E9-BDFF-CF5E35D0946D}.Release|Any CPU.Build.0 = Release|Any CPU
		{AD1311F2-D5CA-48E9-BDFF-CF5E35D0946D}.Release|x64.ActiveCfg = Release|Any CPU
		{AD1311F2-D5CA-48E9-BDFF-CF5E35D0946D}.Release|x64.Build.0 = Release|Any CPU
		{AD1311F2-D5CA-48E9-BDFF-CF5E35D0946D}.Release|x86.ActiveCfg = Release|Any CPU
		{AD1311F2-D5CA-48E9-BDFF-CF5E35D0946D}.Release|x86.Build.0 = Release|Any CPU
		{C00C33F8-ED58-4019-9512-0D309F04F269}.Debug|Any CPU.ActiveCfg = Debug|Any CPU
		{C00C33F8-ED58-4019-9512-0D309F04F269}.Debug|Any CPU.Build.0 = Debug|Any CPU
		{C00C33F8-ED58-4019-9512-0D309F04F269}.Debug|x64.ActiveCfg = Debug|Any CPU
		{C00C33F8-ED58-4019-9512-0D309F04F269}.Debug|x64.Build.0 = Debug|Any CPU
		{C00C33F8-ED58-4019-9512-0D309F04F269}.Debug|x86.ActiveCfg = Debug|Any CPU
		{C00C33F8-ED58-4019-9512-0D309F04F269}.Debug|x86.Build.0 = Debug|Any CPU
		{C00C33F8-ED58-4019-9512-0D309F04F269}.Release|Any CPU.ActiveCfg = Release|Any CPU
		{C00C33F8-ED58-4019-9512-0D309F04F269}.Release|Any CPU.Build.0 = Release|Any CPU
		{C00C33F8-ED58-4019-9512-0D309F04F269}.Release|x64.ActiveCfg = Release|Any CPU
		{C00C33F8-ED58-4019-9512-0D309F04F269}.Release|x64.Build.0 = Release|Any CPU
		{C00C33F8-ED58-4019-9512-0D309F04F269}.Release|x86.ActiveCfg = Release|Any CPU
		{C00C33F8-ED58-4019-9512-0D309F04F269}.Release|x86.Build.0 = Release|Any CPU
		{8947E753-FE08-4E02-8B52-B9A4DD53200C}.Debug|Any CPU.ActiveCfg = Debug|Any CPU
		{8947E753-FE08-4E02-8B52-B9A4DD53200C}.Debug|Any CPU.Build.0 = Debug|Any CPU
		{8947E753-FE08-4E02-8B52-B9A4DD53200C}.Debug|x64.ActiveCfg = Debug|Any CPU
		{8947E753-FE08-4E02-8B52-B9A4DD53200C}.Debug|x64.Build.0 = Debug|Any CPU
		{8947E753-FE08-4E02-8B52-B9A4DD53200C}.Debug|x86.ActiveCfg = Debug|Any CPU
		{8947E753-FE08-4E02-8B52-B9A4DD53200C}.Debug|x86.Build.0 = Debug|Any CPU
		{8947E753-FE08-4E02-8B52-B9A4DD53200C}.Release|Any CPU.ActiveCfg = Release|Any CPU
		{8947E753-FE08-4E02-8B52-B9A4DD53200C}.Release|Any CPU.Build.0 = Release|Any CPU
		{8947E753-FE08-4E02-8B52-B9A4DD53200C}.Release|x64.ActiveCfg = Release|Any CPU
		{8947E753-FE08-4E02-8B52-B9A4DD53200C}.Release|x64.Build.0 = Release|Any CPU
		{8947E753-FE08-4E02-8B52-B9A4DD53200C}.Release|x86.ActiveCfg = Release|Any CPU
		{8947E753-FE08-4E02-8B52-B9A4DD53200C}.Release|x86.Build.0 = Release|Any CPU
	EndGlobalSection
EndGlobal
